
Microsoft Visual Studio Solution File, Format Version 12.00
# Visual Studio 14
VisualStudioVersion = 14.0.25420.1
MinimumVisualStudioVersion = 10.0.40219.1
Project("{FAE04EC0-301F-11D3-BF4B-00C04F79EFBC}") = "WindowsService", "WindowsService\WindowsService.csproj", "{A33C8B55-17A9-4321-B934-535A6E828FCE}"
EndProject
Project("{FAE04EC0-301F-11D3-BF4B-00C04F79EFBC}") = "WebAPI", "WebAPI\WebAPI.csproj", "{8CC09413-4D90-4A94-A701-563B55ED33AD}"
EndProject
Global
	GlobalSection(SolutionConfigurationPlatforms) = preSolution
		Debug|Any CPU = Debug|Any CPU
		Release|Any CPU = Release|Any CPU
	EndGlobalSection
	GlobalSection(ProjectConfigurationPlatforms) = postSolution
		{A33C8B55-17A9-4321-B934-535A6E828FCE}.Debug|Any CPU.ActiveCfg = Debug|Any CPU
		{A33C8B55-17A9-4321-B934-535A6E828FCE}.Debug|Any CPU.Build.0 = Debug|Any CPU
		{A33C8B55-17A9-4321-B934-535A6E828FCE}.Release|Any CPU.ActiveCfg = Release|Any CPU
		{A33C8B55-17A9-4321-B934-535A6E828FCE}.Release|Any CPU.Build.0 = Release|Any CPU
		{8CC09413-4D90-4A94-A701-563B55ED33AD}.Debug|Any CPU.ActiveCfg = Debug|Any CPU
		{8CC09413-4D90-4A94-A701-563B55ED33AD}.Debug|Any CPU.Build.0 = Debug|Any CPU
		{8CC09413-4D90-4A94-A701-563B55ED33AD}.Release|Any CPU.ActiveCfg = Release|Any CPU
		{8CC09413-4D90-4A94-A701-563B55ED33AD}.Release|Any CPU.Build.0 = Release|Any CPU
	EndGlobalSection
	GlobalSection(SolutionProperties) = preSolution
		HideSolutionNode = FALSE
	EndGlobalSection
EndGlobal
